apiVersion: model-platform.openai.internal/v1alpha1
kind: ComponentVersionLock
metadata:
  name: backstage-production
spec:
  backstage:
    createAppVersion: 0.9.0
    releaseVersion: 1.53.0
    packageManager: yarn@4.13.0
    targetImage: 110.120.0.3:30670/container-images/platform/kcc-backstage:0.1.5-stopped-contract-20260828
    targetLinuxAMD64Digest: sha256:800de8e16dcd8e10b427b7138bcd9fa3193f0881cb960ed840d0122de185cc73
  node:
    version: 24-trixie-slim
    sourceImage: docker.1ms.run/library/node:24-trixie-slim
    upstreamIndexDigest: sha256:0711b541c1c33a8a530ac4f0d391baa9a15b3d804695b1b24a47daa5fb60e74d
    linuxAMD64Digest: sha256:f2925910482dc53394bc0034c5f4abffcd01de400794c050ca343fe0d733b486
  postgres:
    version: 16-alpine
    internalImage: 110.120.0.3:8889/library/postgres
    linuxAMD64Digest: sha256:7a396fd264a2067788b6551122b50f162bf6136312c7fc9d74381cb92c648382
