# upstream index source|internal target|linux/amd64 manifest digest
## Temporary 2026-08-17 exception: the current Artifact Keeper writer token was
## unavailable during the no-GHCR Pruner rollout, so these two Operator-owned
## images are mirrored to the existing internal 8889 registry. Migrate them to
## Artifact Keeper before treating this as the final image policy.
ghcr.io/tektoncd/pruner/controller:v0.4.1@sha256:fdf683105a9ad0501cc855967a9ba8f7b5a1d38835d519f3075a2b8cb2fa506a|110.120.0.3:8889/platform/tekton-pruner-controller:v0.4.1|sha256:fdf683105a9ad0501cc855967a9ba8f7b5a1d38835d519f3075a2b8cb2fa506a
ghcr.io/tektoncd/pruner/webhook:v0.4.1@sha256:d286f3a294df96a0662008145e5904d808c22b6a3e770b151326116ec441f308|110.120.0.3:8889/platform/tekton-pruner-webhook:v0.4.1|sha256:d286f3a294df96a0662008145e5904d808c22b6a3e770b151326116ec441f308
ghcr.io/tektoncd/operator/operator-303303c315a48490ba6517859ef65b77:v0.81.0@sha256:a2559d7f9289ba3974f587c219d161c4f3cc9d41bc2876233415874077b6c55e|110.120.0.3:8889/platform/tekton-operator:v0.81.0|sha256:834aada144c4bb3726900a3fe699dc73edea7e73152eeacf0c0c8eaf4beb588f
ghcr.io/tektoncd/operator/webhook-f2bb711aa8f0c0892856a4cbf6d9ddd8:v0.81.0@sha256:3f513319e5c79bb5dae64772d1629565a64cdf5a257005aac0bb5ca2ab6c9c5e|110.120.0.3:8889/platform/tekton-operator-webhook:v0.81.0|sha256:6bcb21d937bd95791f31a25ca527a2241b2a50d3b9ae4f5b68ca0491f21bbca3
ghcr.io/tektoncd/operator/proxy-webhook-f6167da7bc41b96a27c5529f850e63d1:v0.81.0@sha256:b7c7de05756e63f38968e81b111d5d5727ca6803fc61463a56e9f73dde9ae42d|110.120.0.3:8889/platform/tekton-operator-proxy-webhook:v0.81.0|sha256:47f1bab4fc3d89eaae56ec9e12bc680f024aae7aadbcf59b236c5c2166598228
ghcr.io/tektoncd/plumbing/tkn@sha256:233de6c8b8583a34c2379fa98d42dba739146c9336e8d41b66030484357481ed|110.120.0.3:8889/platform/tekton-tkn:20260810|sha256:923ee2d58f5af982c354e9afecbe4f6e5f58a7c6c4aff457b995c1d1cecba752
ghcr.io/tektoncd/pipeline/controller-10a3e32792f33651396d02b6855a6e36:v1.15.0@sha256:ed33d9696b882716ab58062ec928828d5c15f4f9bac94661fb6b76ea5d27ff17|110.120.0.3:8889/platform/tekton-pipelines-controller:v1.15.0|sha256:8e1a62043f23d33c026c3b7765585576da5a64bc4afa40829c41634af34dcb2c
ghcr.io/tektoncd/pipeline/events-a9042f7efb0cbade2a868a1ee5ddd52c:v1.15.0@sha256:050f4ae0fee5d2f9b9a9b9a6270b131c0b0ecd8a1c24707746aa18d10b435604|110.120.0.3:8889/platform/tekton-pipelines-events:v1.15.0|sha256:8daf54aec3a68bebacf77479e36f8b5d98c6b4b269b54a787c848e42ab8ff8f8
ghcr.io/tektoncd/pipeline/resolvers-ff86b24f130c42b88983d3c13993056d:v1.15.0@sha256:fac274d8185ad9f3ef14ab8f1a316d92c478254c7d17efa52bc60f1899a889d2|110.120.0.3:8889/platform/tekton-pipelines-resolvers:v1.15.0|sha256:b7e491135a703fd1cb3caeb27cd0a5e0465119acc711976f8d739f3ed50460ae
ghcr.io/tektoncd/pipeline/webhook-d4749e605405422fd87700164e31b2d1:v1.15.0@sha256:660a4a3bc55eaafcf8672d2c8c2469d9cf0e6090cd367a3d4bac82f834487947|110.120.0.3:8889/platform/tekton-pipelines-webhook:v1.15.0|sha256:1aa07c0eb4ffc4d2f2790736d5940d9d4bcde52203a2f75954cf38aa986f61ef
ghcr.io/tektoncd/pipeline/entrypoint-bff0a22da108bc2f16c818c97641a296:v1.15.0@sha256:1ae5944a51f5c5f19e575de5abf268ea7a49a3a54bdad411cf27e3142af5f5c0|110.120.0.3:8889/platform/tekton-pipelines-entrypoint:v1.15.0|sha256:cd5fce2f62fa503f08cc0e2dff1a773c338a03a5d51eefaaf332d92432d9fde2
ghcr.io/tektoncd/pipeline/nop-8eac7c133edad5df719dc37b36b62482:v1.15.0@sha256:f49260b33c3142f8224d26d6204b15b96b312997a169bc79fe4792981af9580c|110.120.0.3:8889/platform/tekton-pipelines-nop:v1.15.0|sha256:ecb5db3458a038e1876931de1f7ae87999fe1c05654718d777776316a6bb5b65
ghcr.io/tektoncd/pipeline/sidecarlogresults-7501c6a20d741631510a448b48ab098f:v1.15.0@sha256:9dbe5ed48cce1324daa49784c6fc729d8b62a7c0d15c9656126bdada1a870b98|110.120.0.3:8889/platform/tekton-pipelines-sidecarlogresults:v1.15.0|sha256:637f2cf848ba93d5755f26d7291303a45d5a32e8cd7d89fad7e2741de0fcb3ad
ghcr.io/tektoncd/pipeline/workingdirinit-0c558922ec6a1b739e550e349f2d5fc1:v1.15.0@sha256:fc38f8bc3c196e8f7cc2c22ea19194afd093175a23c9ab1b900cb150fd38307f|110.120.0.3:8889/platform/tekton-pipelines-workingdirinit:v1.15.0|sha256:0a4aa4f8280201a3b75b880946a2cf420ecf91ced02ad10a430743d7e36fd22a
cgr.dev/chainguard/busybox@sha256:19f02276bf8dbdd62f069b922f10c65262cc34b710eea26ff928129a736be791|110.120.0.3:8889/platform/tekton-shell:20220414|sha256:c061eec716564cbbb6b13c16228bcac7c552879a02c35fa8e50aed0ccbe3aef1
ghcr.io/tektoncd/triggers/controller-f656ca31de179ab913fa76abc255c315:v0.37.0@sha256:72cfb3e11b906f5cd92c8e84f7b05662520f3e0d669f7db3c6b8fd39867985e9|110.120.0.3:8889/platform/tekton-triggers-controller:v0.37.0|sha256:b8ca4c78fbd76b403ed59b97972919d202ceed95ffac53efeb9fb730c6647d84
ghcr.io/tektoncd/triggers/eventlistenersink-7ad1faa98cddbcb0c24990303b220bb8:v0.37.0@sha256:1fa445623620dbf01496306b29eb824ee00030b71d2337e3c43297a1fc286355|110.120.0.3:8889/platform/tekton-triggers-eventlistenersink:v0.37.0|sha256:2f63f8377b536d6e2f700e307bbb4b3cb3ec9d1ac317309ad4df134e7de82f3a
ghcr.io/tektoncd/triggers/webhook-dd1edc925ee1772a9f76e2c1bc291ef6:v0.37.0@sha256:88766079716ddd8fc21754bd750919138bf352a1f6a2fe50c175720fd18c57a2|110.120.0.3:8889/platform/tekton-triggers-webhook:v0.37.0|sha256:e88b8d821f92aab41ed620f15bd4210cd9bc9b4b75e61172988e4af0d2d07cc0
ghcr.io/tektoncd/triggers/interceptors-3176d6a3f314c3655b30bfd36e421dd5:v0.37.0@sha256:df3a692bb96010a52a3a9cb64a762bbfdce467b3393fbee28235b341c73b35ae|110.120.0.3:8889/platform/tekton-triggers-interceptors:v0.37.0|sha256:0f8e6a33565abd79b7574f79dc0900b61e7752409888382111319f492617475f
